// !$*UTF8*$!
{
	archiveVersion = 1;
	classes = {
	};
	objectVersion = 46;
	objects = {

/* Begin PBXBuildFile section */
		FAA2D4141C090C2D00E8362C /* AppDelegate.swift in Sources */ = {isa = PBXBuildFile; fileRef = FAA2D4131C090C2D00E8362C /* AppDelegate.swift */; };
		FAA2D4161C090C2D00E8362C /* ViewController.swift in Sources */ = {isa = PBXBuildFile; fileRef = FAA2D4151C090C2D00E8362C /* ViewController.swift */; };
		FAA2D4191C090C2D00E8362C /* Main.storyboard in Resources */ = {isa = PBXBuildFile; fileRef = FAA2D4171C090C2D00E8362C /* Main.storyboard */; };
		FAA2D41B1C090C2D00E8362C /* Assets.xcassets in Resources */ = {isa = PBXBuildFile; fileRef = FAA2D41A1C090C2D00E8362C /* Assets.xcassets */; };
		FAA2D41E1C090C2D00E8362C /* LaunchScreen.storyboard in Resources */ = {isa = PBXBuildFile; fileRef = FAA2D41C1C090C2D00E8362C /* LaunchScreen.storyboard */; };
/* End PBXBuildFile section */

/* Begin PBXFileReference section */
		FAA2D4101C090C2D00E8362C /* krediHesaplama.app */ = {isa = PBXFileReference; explicitFileType = wrapper.application; includeInIndex = 0; path = krediHesaplama.app; sourceTree = BUILT_PRODUCTS_DIR; };
		FAA2D4131C090C2D00E8362C /* AppDelegate.swift */ = {isa = PBXFileReference; lastKnownFileType = sourcecode.swift; path = AppDelegate.swift; sourceTree = "<group>"; };
		FAA2D4151C090C2D00E8362C /* ViewController.swift */ = {isa = PBXFileReference; lastKnownFileType = sourcecode.swift; path = ViewController.swift; sourceTree = "<group>"; };
		FAA2D4181C090C2D00E8362C /* Base */ = {isa = PBXFileReference; lastKnownFileType = file.storyboard; name = Base; path = Base.lproj/Main.storyboard; sourceTree = "<group>"; };
		FAA2D41A1C090C2D00E8362C /* Assets.xcassets */ = {isa = PBXFileReference; lastKnownFileType = folder.assetcatalog; path = Assets.xcassets; sourceTree = "<group>"; };
		FAA2D41D1C090C2D00E8362C /* Base */ = {isa = PBXFileReference; lastKnownFileType = file.storyboard; name = Base; path = Base.lproj/LaunchScreen.storyboard; sourceTree = "<group>"; };
		FAA2D41F1C090C2D00E8362C /* Info.plist */ = {isa = PBXFileReference; lastKnownFileType = text.plist.xml; path = Info.plist; sourceTree = "<group>"; };
/* End PBXFileReference section */

/* Begin PBXFrameworksBuildPhase section */
		FAA2D40D1C090C2D00E8362C /* Frameworks */ = {
			isa = PBXFrameworksBuildPhase;
			buildActionMask = 2147483647;
			files = (
			);
			runOnlyForDeploymentPostprocessing = 0;
		};
/* End PBXFrameworksBuildPhase section */

/* Begin PBXGroup section */
		FAA2D4071C090C2D00E8362C = {
			isa = PBXGroup;
			children = (
				FAA2D4121C090C2D00E8362C /* krediHesaplama */,
				FAA2D4111C090C2D00E8362C /* Products */,
			);
			sourceTree = "<group>";
		};
		FAA2D4111C090C2D00E8362C /* Products */ = {
			isa = PBXGroup;
			children = (
				FAA2D4101C090C2D00E8362C /* krediHesaplama.app */,
			);
			name = Products;
			sourceTree = "<group>";
		};
		FAA2D4121C090C2D00E8362C /* krediHesaplama */ = {
			isa = PBXGroup;
			children = (
				FAA2D4131C090C2D00E8362C /* AppDelegate.swift */,
				FAA2D4151C090C2D00E8362C /* ViewController.swift */,
				FAA2D4171C090C2D00E8362C /* Main.storyboard */,
				FAA2D41A1C090C2D00E8362C /* Assets.xcassets */,
				FAA2D41C1C090C2D00E8362C /* LaunchScreen.storyboard */,
				FAA2D41F1C090C2D00E8362C /* Info.plist */,
			);
			path = krediHesaplama;
			sourceTree = "<group>";
		};
/* End PBXGroup section */

/* Begin PBXNativeTarget section */
		FAA2D40F1C090C2D00E8362C /* krediHesaplama */ = {
			isa = PBXNativeTarget;
			buildConfigurationList = FAA2D4221C090C2D00E8362C /* Build configuration list for PBXNativeTarget "krediHesaplama" */;
			buildPhases = (
				FAA2D40C1C090C2D00E8362C /* Sources */,
				FAA2D40D1C090C2D00E8362C /* Frameworks */,
				FAA2D40E1C090C2D00E8362C /* Resources */,
			);
			buildRules = (
			);
			dependencies = (
			);
			name = krediHesaplama;
			productName = krediHesaplama;
			productReference = FAA2D4101C090C2D00E8362C /* krediHesaplama.app */;
			productType = "com.apple.product-type.application";
		};
/* End PBXNativeTarget section */

/* Begin PBXProject section */
		FAA2D4081C090C2D00E8362C /* Project object */ = {
			isa = PBXProject;
			attributes = {
				LastSwiftUpdateCheck = 0710;
				LastUpgradeCheck = 0710;
				ORGANIZATIONNAME = befree;
				TargetAttributes = {
					FAA2D40F1C090C2D00E8362C = {
						CreatedOnToolsVersion = 7.1.1;
					};
				};
			};
			buildConfigurationList = FAA2D40B1C090C2D00E8362C /* Build configuration list for PBXProject "krediHesaplama" */;
			compatibilityVersion = "Xcode 3.2";
			developmentRegion = English;
			hasScannedForEncodings = 0;
			knownRegions = (
				en,
				Base,
			);
			mainGroup = FAA2D4071C090C2D00E8362C;
			productRefGroup = FAA2D4111C090C2D00E8362C /* Products */;
			projectDirPath = "";
			projectRoot = "";
			targets = (
				FAA2D40F1C090C2D00E8362C /* krediHesaplama */,
			);
		};
/* End PBXProject section */

/* Begin PBXResourcesBuildPhase section */
		FAA2D40E1C090C2D00E8362C /* Resources */ = {
			isa = PBXResourcesBuildPhase;
			buildActionMask = 2147483647;
			files = (
				FAA2D41E1C090C2D00E8362C /* LaunchScreen.storyboard in Resources */,
				FAA2D41B1C090C2D00E8362C /* Assets.xcassets in Resources */,
				FAA2D4191C090C2D00E8362C /* Main.storyboard in Resources */,
			);
			runOnlyForDeploymentPostprocessing = 0;
		};
/* End PBXResourcesBuildPhase section */

/* Begin PBXSourcesBuildPhase section */
		FAA2D40C1C090C2D00E8362C /* Sources */ = {
			isa = PBXSourcesBuildPhase;
			buildActionMask = 2147483647;
			files = (
				FAA2D4161C090C2D00E8362C /* ViewController.swift in Sources */,
				FAA2D4141C090C2D00E8362C /* AppDelegate.swift in Sources */,
			);
			runOnlyForDeploymentPostprocessing = 0;
		};
/* End PBXSourcesBuildPhase section */

/* Begin PBXVariantGroup section */
		FAA2D4171C090C2D00E8362C /* Main.storyboard */ = {
			isa = PBXVariantGroup;
			children = (
				FAA2D4181C090C2D00E8362C /* Base */,
			);
			name = Main.storyboard;
			sourceTree = "<group>";
		};
		FAA2D41C1C090C2D00E8362C /* LaunchScreen.storyboard */ = {
			isa = PBXVariantGroup;
			children = (
				FAA2D41D1C090C2D00E8362C /* Base */,
			);
			name = LaunchScreen.storyboard;
			sourceTree = "<group>";
		};
/* End PBXVariantGroup section */

/* Begin XCBuildConfiguration section */
		FAA2D4201C090C2D00E8362C /* Debug */ = {
			isa = XCBuildConfiguration;
			buildSettings = {
				ALWAYS_SEARCH_USER_PATHS = NO;
				CLANG_CXX_LANGUAGE_STANDARD = "gnu++0x";
				CLANG_CXX_LIBRARY = "libc++";
				CLANG_ENABLE_MODULES = YES;
				CLANG_ENABLE_OBJC_ARC = YES;
				CLANG_WARN_BOOL_CONVERSION = YES;
				CLANG_WARN_CONSTANT_CONVERSION = YES;
				CLANG_WARN_DIRECT_OBJC_ISA_USAGE = YES_ERROR;
				CLANG_WARN_EMPTY_BODY = YES;
				CLANG_WARN_ENUM_CONVERSION = YES;
				CLANG_WARN_INT_CONVERSION = YES;
				CLANG_WARN_OBJC_ROOT_CLASS = YES_ERROR;
				CLANG_WARN_UNREACHABLE_CODE = YES;
				CLANG_WARN__DUPLICATE_METHOD_MATCH = YES;
				"CODE_SIGN_IDENTITY[sdk=iphoneos*]" = "iPhone Developer";
				COPY_PHASE_STRIP = NO;
				DEBUG_INFORMATION_FORMAT = dwarf;
				ENABLE_STRICT_OBJC_MSGSEND = YES;
				ENABLE_TESTABILITY = YES;
				GCC_C_LANGUAGE_STANDARD = gnu99;
				GCC_DYNAMIC_NO_PIC = NO;
				GCC_NO_COMMON_BLOCKS = YES;
				GCC_OPTIMIZATION_LEVEL = 0;
				GCC_PREPROCESSOR_DEFINITIONS = (
					"DEBUG=1",
					"$(inherited)",
				);
				GCC_WARN_64_TO_32_BIT_CONVERSION = YES;
				GCC_WARN_ABOUT_RETURN_TYPE = YES_ERROR;
				GCC_WARN_UNDECLARED_SELECTOR = YES;
				GCC_WARN_UNINITIALIZED_AUTOS = YES_AGGRESSIVE;
				GCC_WARN_UNUSED_FUNCTION = YES;
				GCC_WARN_UNUSED_VARIABLE = YES;
				IPHONEOS_DEPLOYMENT_TARGET = 9.1;
				MTL_ENABLE_DEBUG_INFO = YES;
				ONLY_ACTIVE_ARCH = YES;
				SDKROOT = iphoneos;
				SWIFT_OPTIMIZATION_LEVEL = "-Onone";
			};
			name = Debug;
		};
		FAA2D4211C090C2D00E8362C /* Release */ = {
			isa = XCBuildConfiguration;
			buildSettings = {
				ALWAYS_SEARCH_USER_PATHS = NO;
				CLANG_CXX_LANGUAGE_STANDARD = "gnu++0x";
				CLANG_CXX_LIBRARY = "libc++";
				CLANG_ENABLE_MODULES = YES;
				CLANG_ENABLE_OBJC_ARC = YES;
				CLANG_WARN_BOOL_CONVERSION = YES;
				CLANG_WARN_CONSTANT_CONVERSION = YES;
				CLANG_WARN_DIRECT_OBJC_ISA_USAGE = YES_ERROR;
				CLANG_WARN_EMPTY_BODY = YES;
				CLANG_WARN_ENUM_CONVERSION = YES;
				CLANG_WARN_INT_CONVERSION = YES;
				CLANG_WARN_OBJC_ROOT_CLASS = YES_ERROR;
				CLANG_WARN_UNREACHABLE_CODE = YES;
				CLANG_WARN__DUPLICATE_METHOD_MATCH = YES;
				"CODE_SIGN_IDENTITY[sdk=iphoneos*]" = "iPhone Developer";
				COPY_PHASE_STRIP = NO;
				DEBUG_INFORMATION_FORMAT = "dwarf-with-dsym";
				ENABLE_NS_ASSERTIONS = NO;
				ENABLE_STRICT_OBJC_MSGSEND = YES;
				GCC_C_LANGUAGE_STANDARD = gnu99;
				GCC_NO_COMMON_BLOCKS = YES;
				GCC_WARN_64_TO_32_BIT_CONVERSION = YES;
				GCC_WARN_ABOUT_RETURN_TYPE = YES_ERROR;
				GCC_WARN_UNDECLARED_SELECTOR = YES;
				GCC_WARN_UNINITIALIZED_AUTOS = YES_AGGRESSIVE;
				GCC_WARN_UNUSED_FUNCTION = YES;
				GCC_WARN_UNUSED_VARIABLE = YES;
				IPHONEOS_DEPLOYMENT_TARGET = 9.1;
				MTL_ENABLE_DEBUG_INFO = NO;
				SDKROOT = iphoneos;
				VALIDATE_PRODUCT = YES;
			};
			name = Release;
		};
		FAA2D4231C090C2D00E8362C /* Debug */ = {
			isa = XCBuildConfiguration;
			buildSettings = {
				ASSETCATALOG_COMPILER_APPICON_NAME = AppIcon;
				INFOPLIST_FILE = krediHesaplama/Info.plist;
				LD_RUNPATH_SEARCH_PATHS = "$(inherited) @executable_path/Frameworks";
				PRODUCT_BUNDLE_IDENTIFIER = freedom.krediHesaplama;
				PRODUCT_NAME = "$(TARGET_NAME)";
			};
			name = Debug;
		};
		FAA2D4241C090C2D00E8362C /* Release */ = {
			isa = XCBuildConfiguration;
			buildSettings = {
				ASSETCATALOG_COMPILER_APPICON_NAME = AppIcon;
				INFOPLIST_FILE = krediHesaplama/Info.plist;
				LD_RUNPATH_SEARCH_PATHS = "$(inherited) @executable_path/Frameworks";
				PRODUCT_BUNDLE_IDENTIFIER = freedom.krediHesaplama;
				PRODUCT_NAME = "$(TARGET_NAME)";
			};
			name = Release;
		};
/* End XCBuildConfiguration section */

/* Begin XCConfigurationList section */
		FAA2D40B1C090C2D00E8362C /* Build configuration list for PBXProject "krediHesaplama" */ = {
			isa = XCConfigurationList;
			buildConfigurations = (
				FAA2D4201C090C2D00E8362C /* Debug */,
				FAA2D4211C090C2D00E8362C /* Release */,
			);
			defaultConfigurationIsVisible = 0;
			defaultConfigurationName = Release;
		};
		FAA2D4221C090C2D00E8362C /* Build configuration list for PBXNativeTarget "krediHesaplama" */ = {
			isa = XCConfigurationList;
			buildConfigurations = (
				FAA2D4231C090C2D00E8362C /* Debug */,
				FAA2D4241C090C2D00E8362C /* Release */,
			);
			defaultConfigurationIsVisible = 0;
		};
/* End XCConfigurationList section */
	};
	rootObject = FAA2D4081C090C2D00E8362C /* Project object */;
}
